
Microsoft Visual Studio Solution File, Format Version 12.00
# Visual Studio Version 17
VisualStudioVersion = 17.1.32328.378
MinimumVisualStudioVersion = 10.0.40219.1
Project("{FAE04EC0-301F-11D3-BF4B-00C04F79EFBC}") = "TutorialWithBradTrversy", "TutorialWithBradTrversy\TutorialWithBradTrversy.csproj", "{DB204C60-8136-4366-A1EE-0DA1730FD455}"
EndProject
Global
	GlobalSection(SolutionConfigurationPlatforms) = preSolution
		Debug|Any CPU = Debug|Any CPU
		Release|Any CPU = Release|Any CPU
	EndGlobalSection
	GlobalSection(ProjectConfigurationPlatforms) = postSolution
		{DB204C60-8136-4366-A1EE-0DA1730FD455}.Debug|Any CPU.ActiveCfg = Debug|Any CPU
		{DB204C60-8136-4366-A1EE-0DA1730FD455}.Debug|Any CPU.Build.0 = Debug|Any CPU
		{DB204C60-8136-4366-A1EE-0DA1730FD455}.Release|Any CPU.ActiveCfg = Release|Any CPU
		{DB204C60-8136-4366-A1EE-0DA1730FD455}.Release|Any CPU.Build.0 = Release|Any CPU
	EndGlobalSection
	GlobalSection(SolutionProperties) = preSolution
		HideSolutionNode = FALSE
	EndGlobalSection
	GlobalSection(ExtensibilityGlobals) = postSolution
		SolutionGuid = {37A6F3CA-3D94-4481-8E4C-A8526BBCECE4}
	EndGlobalSection
EndGlobal
